
Microsoft Visual Studio Solution File, Format Version 12.00
# Visual Studio Version 16
VisualStudioVersion = 16.0.30413.136
MinimumVisualStudioVersion = 10.0.40219.1
Project("{FAE04EC0-301F-11D3-BF4B-00C04F79EFBC}") = "MemberApp.UWP", "MemberApp\MemberApp.UWP\MemberApp.UWP.csproj", "{258B9800-C460-4E20-9D98-231811DD7B01}"
EndProject
Project("{FAE04EC0-301F-11D3-BF4B-00C04F79EFBC}") = "MemberApp.Android", "MemberApp\MemberApp.Android\MemberApp.Android.csproj", "{8811D02F-26F0-4F36-AB53-C150C7B2A439}"
EndProject
Project("{FAE04EC0-301F-11D3-BF4B-00C04F79EFBC}") = "MemberApp.iOS", "MemberApp\MemberApp.iOS\MemberApp.iOS.csproj", "{AF920F24-7679-4C1F-A816-E73DD34951A7}"
EndProject
Project("{9A19103F-16F7-4668-BE54-9A1E7A4F7556}") = "MemberApp", "MemberApp\MemberApp\MemberApp.csproj", "{FFD84843-A9D1-48E9-B114-384BBB0F2EDB}"
EndProject
Project("{FAE04EC0-301F-11D3-BF4B-00C04F79EFBC}") = "MemberServer", "MemberServer\MemberServer.csproj", "{2454E02B-CC1F-4099-88FB-007405407B87}"
EndProject
Global
	GlobalSection(SolutionConfigurationPlatforms) = preSolution
		Debug|Any CPU = Debug|Any CPU
		Debug|ARM = Debug|ARM
		Debug|iPhone = Debug|iPhone
		Debug|iPhoneSimulator = Debug|iPhoneSimulator
		Debug|x64 = Debug|x64
		Debug|x86 = Debug|x86
		Release|Any CPU = Release|Any CPU
		Release|ARM = Release|ARM
		Release|iPhone = Release|iPhone
		Release|iPhoneSimulator = Release|iPhoneSimulator
		Release|x64 = Release|x64
		Release|x86 = Release|x86
	EndGlobalSection
	GlobalSection(ProjectConfigurationPlatforms) = postSolution
		{258B9800-C460-4E20-9D98-231811DD7B01}.Debug|Any CPU.ActiveCfg = Debug|x86
		{258B9800-C460-4E20-9D98-231811DD7B01}.Debug|Any CPU.Build.0 = Debug|x86
		{258B9800-C460-4E20-9D98-231811DD7B01}.Debug|Any CPU.Deploy.0 = Debug|x86
		{258B9800-C460-4E20-9D98-231811DD7B01}.Debug|ARM.ActiveCfg = Debug|ARM
		{258B9800-C460-4E20-9D98-231811DD7B01}.Debug|ARM.Build.0 = Debug|ARM
		{258B9800-C460-4E20-9D98-231811DD7B01}.Debug|ARM.Deploy.0 = Debug|ARM
		{258B9800-C460-4E20-9D98-231811DD7B01}.Debug|iPhone.ActiveCfg = Debug|x86
		{258B9800-C460-4E20-9D98-231811DD7B01}.Debug|iPhone.Build.0 = Debug|x86
		{258B9800-C460-4E20-9D98-231811DD7B01}.Debug|iPhone.Deploy.0 = Debug|x86
		{258B9800-C460-4E20-9D98-231811DD7B01}.Debug|iPhoneSimulator.ActiveCfg = Debug|x86
		{258B9800-C460-4E20-9D98-231811DD7B01}.Debug|iPhoneSimulator.Build.0 = Debug|x86
		{258B9800-C460-4E20-9D98-231811DD7B01}.Debug|iPhoneSimulator.Deploy.0 = Debug|x86
		{258B9800-C460-4E20-9D98-231811DD7B01}.Debug|x64.ActiveCfg = Debug|x64
		{258B9800-C460-4E20-9D98-231811DD7B01}.Debug|x64.Build.0 = Debug|x64
		{258B9800-C460-4E20-9D98-231811DD7B01}.Debug|x64.Deploy.0 = Debug|x64
		{258B9800-C460-4E20-9D98-231811DD7B01}.Debug|x86.ActiveCfg = Debug|x86
		{258B9800-C460-4E20-9D98-231811DD7B01}.Debug|x86.Build.0 = Debug|x86
		{258B9800-C460-4E20-9D98-231811DD7B01}.Debug|x86.Deploy.0 = Debug|x86
		{258B9800-C460-4E20-9D98-231811DD7B01}.Release|Any CPU.ActiveCfg = Release|x86
		{258B9800-C460-4E20-9D98-231811DD7B01}.Release|Any CPU.Build.0 = Release|x86
		{258B9800-C460-4E20-9D98-231811DD7B01}.Release|Any CPU.Deploy.0 = Release|x86
		{258B9800-C460-4E20-9D98-231811DD7B01}.Release|ARM.ActiveCfg = Release|ARM
		{258B9800-C460-4E20-9D98-231811DD7B01}.Release|ARM.Build.0 = Release|ARM
		{258B9800-C460-4E20-9D98-231811DD7B01}.Release|ARM.Deploy.0 = Release|ARM
		{258B9800-C460-4E20-9D98-231811DD7B01}.Release|iPhone.ActiveCfg = Release|x86
		{258B9800-C460-4E20-9D98-231811DD7B01}.Release|iPhone.Build.0 = Release|x86
		{258B9800-C460-4E20-9D98-231811DD7B01}.Release|iPhone.Deploy.0 = Release|x86
		{258B9800-C460-4E20-9D98-231811DD7B01}.Release|iPhoneSimulator.ActiveCfg = Release|x86
		{258B9800-C460-4E20-9D98-231811DD7B01}.Release|iPhoneSimulator.Build.0 = Release|x86
		{258B9800-C460-4E20-9D98-231811DD7B01}.Release|iPhoneSimulator.Deploy.0 = Release|x86
		{258B9800-C460-4E20-9D98-231811DD7B01}.Release|x64.ActiveCfg = Release|x64
		{258B9800-C460-4E20-9D98-231811DD7B01}.Release|x64.Build.0 = Release|x64
		{258B9800-C460-4E20-9D98-231811DD7B01}.Release|x64.Deploy.0 = Release|x64
		{258B9800-C460-4E20-9D98-231811DD7B01}.Release|x86.ActiveCfg = Release|x86
		{258B9800-C460-4E20-9D98-231811DD7B01}.Release|x86.Build.0 = Release|x86
		{258B9800-C460-4E20-9D98-231811DD7B01}.Release|x86.Deploy.0 = Release|x86
		{8811D02F-26F0-4F36-AB53-C150C7B2A439}.Debug|Any CPU.ActiveCfg = Debug|Any CPU
		{8811D02F-26F0-4F36-AB53-C150C7B2A439}.Debug|Any CPU.Build.0 = Debug|Any CPU
		{8811D02F-26F0-4F36-AB53-C150C7B2A439}.Debug|Any CPU.Deploy.0 = Debug|Any CPU
		{8811D02F-26F0-4F36-AB53-C150C7B2A439}.Debug|ARM.ActiveCfg = Debug|Any CPU
		{8811D02F-26F0-4F36-AB53-C150C7B2A439}.Debug|ARM.Build.0 = Debug|Any CPU
		{8811D02F-26F0-4F36-AB53-C150C7B2A439}.Debug|ARM.Deploy.0 = Debug|Any CPU
		{8811D02F-26F0-4F36-AB53-C150C7B2A439}.Debug|iPhone.ActiveCfg = Debug|Any CPU
		{8811D02F-26F0-4F36-AB53-C150C7B2A439}.Debug|iPhone.Build.0 = Debug|Any CPU
		{8811D02F-26F0-4F36-AB53-C150C7B2A439}.Debug|iPhone.Deploy.0 = Debug|Any CPU
		{8811D02F-26F0-4F36-AB53-C150C7B2A439}.Debug|iPhoneSimulator.ActiveCfg = Debug|Any CPU
		{8811D02F-26F0-4F36-AB53-C150C7B2A439}.Debug|iPhoneSimulator.Build.0 = Debug|Any CPU
		{8811D02F-26F0-4F36-AB53-C150C7B2A439}.Debug|iPhoneSimulator.Deploy.0 = Debug|Any CPU
		{8811D02F-26F0-4F36-AB53-C150C7B2A439}.Debug|x64.ActiveCfg = Debug|Any CPU
		{8811D02F-26F0-4F36-AB53-C150C7B2A439}.Debug|x64.Build.0 = Debug|Any CPU
		{8811D02F-26F0-4F36-AB53-C150C7B2A439}.Debug|x64.Deploy.0 = Debug|Any CPU
		{8811D02F-26F0-4F36-AB53-C150C7B2A439}.Debug|x86.ActiveCfg = Debug|Any CPU
		{8811D02F-26F0-4F36-AB53-C150C7B2A439}.Debug|x86.Build.0 = Debug|Any CPU
		{8811D02F-26F0-4F36-AB53-C150C7B2A439}.Debug|x86.Deploy.0 = Debug|Any CPU
		{8811D02F-26F0-4F36-AB53-C150C7B2A439}.Release|Any CPU.ActiveCfg = Release|Any CPU
		{8811D02F-26F0-4F36-AB53-C150C7B2A439}.Release|Any CPU.Build.0 = Release|Any CPU
		{8811D02F-26F0-4F36-AB53-C150C7B2A439}.Release|Any CPU.Deploy.0 = Release|Any CPU
		{8811D02F-26F0-4F36-AB53-C150C7B2A439}.Release|ARM.ActiveCfg = Release|Any CPU
		{8811D02F-26F0-4F36-AB53-C150C7B2A439}.Release|ARM.Build.0 = Release|Any CPU
		{8811D02F-26F0-4F36-AB53-C150C7B2A439}.Release|ARM.Deploy.0 = Release|Any CPU
		{8811D02F-26F0-4F36-AB53-C150C7B2A439}.Release|iPhone.ActiveCfg = Release|Any CPU
		{8811D02F-26F0-4F36-AB53-C150C7B2A439}.Release|iPhone.Build.0 = Release|Any CPU
		{8811D02F-26F0-4F36-AB53-C150C7B2A439}.Release|iPhone.Deploy.0 = Release|Any CPU
		{8811D02F-26F0-4F36-AB53-C150C7B2A439}.Release|iPhoneSimulator.ActiveCfg = Release|Any CPU
		{8811D02F-26F0-4F36-AB53-C150C7B2A439}.Release|iPhoneSimulator.Build.0 = Release|Any CPU
		{8811D02F-26F0-4F36-AB53-C150C7B2A439}.Release|iPhoneSimulator.Deploy.0 = Release|Any CPU
		{8811D02F-26F0-4F36-AB53-C150C7B2A439}.Release|x64.ActiveCfg = Release|Any CPU
		{8811D02F-26F0-4F36-AB53-C150C7B2A439}.Release|x64.Build.0 = Release|Any CPU
		{8811D02F-26F0-4F36-AB53-C150C7B2A439}.Release|x64.Deploy.0 = Release|Any CPU
		{8811D02F-26F0-4F36-AB53-C150C7B2A439}.Release|x86.ActiveCfg = Release|Any CPU
		{8811D02F-26F0-4F36-AB53-C150C7B2A439}.Release|x86.Build.0 = Release|Any CPU
		{8811D02F-26F0-4F36-AB53-C150C7B2A439}.Release|x86.Deploy.0 = Release|Any CPU
		{AF920F24-7679-4C1F-A816-E73DD34951A7}.Debug|Any CPU.ActiveCfg = Debug|iPhone
		{AF920F24-7679-4C1F-A816-E73DD34951A7}.Debug|Any CPU.Build.0 = Debug|iPhone
		{AF920F24-7679-4C1F-A816-E73DD34951A7}.Debug|Any CPU.Deploy.0 = Debug|iPhone
		{AF920F24-7679-4C1F-A816-E73DD34951A7}.Debug|ARM.ActiveCfg = Debug|iPhone
		{AF920F24-7679-4C1F-A816-E73DD34951A7}.Debug|ARM.Build.0 = Debug|iPhone
		{AF920F24-7679-4C1F-A816-E73DD34951A7}.Debug|ARM.Deploy.0 = Debug|iPhone
		{AF920F24-7679-4C1F-A816-E73DD34951A7}.Debug|iPhone.ActiveCfg = Debug|iPhone
		{AF920F24-7679-4C1F-A816-E73DD34951A7}.Debug|iPhone.Build.0 = Debug|iPhone
		{AF920F24-7679-4C1F-A816-E73DD34951A7}.Debug|iPhone.Deploy.0 = Debug|iPhone
		{AF920F24-7679-4C1F-A816-E73DD34951A7}.Debug|iPhoneSimulator.ActiveCfg = Debug|iPhoneSimulator
		{AF920F24-7679-4C1F-A816-E73DD34951A7}.Debug|iPhoneSimulator.Build.0 = Debug|iPhoneSimulator
		{AF920F24-7679-4C1F-A816-E73DD34951A7}.Debug|iPhoneSimulator.Deploy.0 = Debug|iPhoneSimulator
		{AF920F24-7679-4C1F-A816-E73DD34951A7}.Debug|x64.ActiveCfg = Debug|iPhone
		{AF920F24-7679-4C1F-A816-E73DD34951A7}.Debug|x64.Build.0 = Debug|iPhone
		{AF920F24-7679-4C1F-A816-E73DD34951A7}.Debug|x64.Deploy.0 = Debug|iPhone
		{AF920F24-7679-4C1F-A816-E73DD34951A7}.Debug|x86.ActiveCfg = Debug|iPhone
		{AF920F24-7679-4C1F-A816-E73DD34951A7}.Debug|x86.Build.0 = Debug|iPhone
		{AF920F24-7679-4C1F-A816-E73DD34951A7}.Debug|x86.Deploy.0 = Debug|iPhone
		{AF920F24-7679-4C1F-A816-E73DD34951A7}.Release|Any CPU.ActiveCfg = Release|iPhone
		{AF920F24-7679-4C1F-A816-E73DD34951A7}.Release|Any CPU.Build.0 = Release|iPhone
		{AF920F24-7679-4C1F-A816-E73DD34951A7}.Release|Any CPU.Deploy.0 = Release|iPhone
		{AF920F24-7679-4C1F-A816-E73DD34951A7}.Release|ARM.ActiveCfg = Release|iPhone
		{AF920F24-7679-4C1F-A816-E73DD34951A7}.Release|ARM.Build.0 = Release|iPhone
		{AF920F24-7679-4C1F-A816-E73DD34951A7}.Release|ARM.Deploy.0 = Release|iPhone
		{AF920F24-7679-4C1F-A816-E73DD34951A7}.Release|iPhone.ActiveCfg = Release|iPhone
		{AF920F24-7679-4C1F-A816-E73DD34951A7}.Release|iPhone.Build.0 = Release|iPhone
		{AF920F24-7679-4C1F-A816-E73DD34951A7}.Release|iPhone.Deploy.0 = Release|iPhone
		{AF920F24-7679-4C1F-A816-E73DD34951A7}.Release|iPhoneSimulator.ActiveCfg = Release|iPhoneSimulator
		{AF920F24-7679-4C1F-A816-E73DD34951A7}.Release|iPhoneSimulator.Build.0 = Release|iPhoneSimulator
		{AF920F24-7679-4C1F-A816-E73DD34951A7}.Release|iPhoneSimulator.Deploy.0 = Release|iPhoneSimulator
		{AF920F24-7679-4C1F-A816-E73DD34951A7}.Release|x64.ActiveCfg = Release|iPhone
		{AF920F24-7679-4C1F-A816-E73DD34951A7}.Release|x64.Build.0 = Release|iPhone
		{AF920F24-7679-4C1F-A816-E73DD34951A7}.Release|x64.Deploy.0 = Release|iPhone
		{AF920F24-7679-4C1F-A816-E73DD34951A7}.Release|x86.ActiveCfg = Release|iPhone
		{AF920F24-7679-4C1F-A816-E73DD34951A7}.Release|x86.Build.0 = Release|iPhone
		{AF920F24-7679-4C1F-A816-E73DD34951A7}.Release|x86.Deploy.0 = Release|iPhone
		{FFD84843-A9D1-48E9-B114-384BBB0F2EDB}.Debug|Any CPU.ActiveCfg = Debug|Any CPU
		{FFD84843-A9D1-48E9-B114-384BBB0F2EDB}.Debug|Any CPU.Build.0 = Debug|Any CPU
		{FFD84843-A9D1-48E9-B114-384BBB0F2EDB}.Debug|Any CPU.Deploy.0 = Debug|Any CPU
		{FFD84843-A9D1-48E9-B114-384BBB0F2EDB}.Debug|ARM.ActiveCfg = Debug|Any CPU
		{FFD84843-A9D1-48E9-B114-384BBB0F2EDB}.Debug|ARM.Build.0 = Debug|Any CPU
		{FFD84843-A9D1-48E9-B114-384BBB0F2EDB}.Debug|ARM.Deploy.0 = Debug|Any CPU
		{FFD84843-A9D1-48E9-B114-384BBB0F2EDB}.Debug|iPhone.ActiveCfg = Debug|Any CPU
		{FFD84843-A9D1-48E9-B114-384BBB0F2EDB}.Debug|iPhone.Build.0 = Debug|Any CPU
		{FFD84843-A9D1-48E9-B114-384BBB0F2EDB}.Debug|iPhone.Deploy.0 = Debug|Any CPU
		{FFD84843-A9D1-48E9-B114-384BBB0F2EDB}.Debug|iPhoneSimulator.ActiveCfg = Debug|Any CPU
		{FFD84843-A9D1-48E9-B114-384BBB0F2EDB}.Debug|iPhoneSimulator.Build.0 = Debug|Any CPU
		{FFD84843-A9D1-48E9-B114-384BBB0F2EDB}.Debug|iPhoneSimulator.Deploy.0 = Debug|Any CPU
		{FFD84843-A9D1-48E9-B114-384BBB0F2EDB}.Debug|x64.ActiveCfg = Debug|Any CPU
		{FFD84843-A9D1-48E9-B114-384BBB0F2EDB}.Debug|x64.Build.0 = Debug|Any CPU
		{FFD84843-A9D1-48E9-B114-384BBB0F2EDB}.Debug|x64.Deploy.0 = Debug|Any CPU
		{FFD84843-A9D1-48E9-B114-384BBB0F2EDB}.Debug|x86.ActiveCfg = Debug|Any CPU
		{FFD84843-A9D1-48E9-B114-384BBB0F2EDB}.Debug|x86.Build.0 = Debug|Any CPU
		{FFD84843-A9D1-48E9-B114-384BBB0F2EDB}.Debug|x86.Deploy.0 = Debug|Any CPU
		{FFD84843-A9D1-48E9-B114-384BBB0F2EDB}.Release|Any CPU.ActiveCfg = Release|Any CPU
		{FFD84843-A9D1-48E9-B114-384BBB0F2EDB}.Release|Any CPU.Build.0 = Release|Any CPU
		{FFD84843-A9D1-48E9-B114-384BBB0F2EDB}.Release|Any CPU.Deploy.0 = Release|Any CPU
		{FFD84843-A9D1-48E9-B114-384BBB0F2EDB}.Release|ARM.ActiveCfg = Release|Any CPU
		{FFD84843-A9D1-48E9-B114-384BBB0F2EDB}.Release|ARM.Build.0 = Release|Any CPU
		{FFD84843-A9D1-48E9-B114-384BBB0F2EDB}.Release|ARM.Deploy.0 = Release|Any CPU
		{FFD84843-A9D1-48E9-B114-384BBB0F2EDB}.Release|iPhone.ActiveCfg = Release|Any CPU
		{FFD84843-A9D1-48E9-B114-384BBB0F2EDB}.Release|iPhone.Build.0 = Release|Any CPU
		{FFD84843-A9D1-48E9-B114-384BBB0F2EDB}.Release|iPhone.Deploy.0 = Release|Any CPU
		{FFD84843-A9D1-48E9-B114-384BBB0F2EDB}.Release|iPhoneSimulator.ActiveCfg = Release|Any CPU
		{FFD84843-A9D1-48E9-B114-384BBB0F2EDB}.Release|iPhoneSimulator.Build.0 = Release|Any CPU
		{FFD84843-A9D1-48E9-B114-384BBB0F2EDB}.Release|iPhoneSimulator.Deploy.0 = Release|Any CPU
		{FFD84843-A9D1-48E9-B114-384BBB0F2EDB}.Release|x64.ActiveCfg = Release|Any CPU
		{FFD84843-A9D1-48E9-B114-384BBB0F2EDB}.Release|x64.Build.0 = Release|Any CPU
		{FFD84843-A9D1-48E9-B114-384BBB0F2EDB}.Release|x64.Deploy.0 = Release|Any CPU
		{FFD84843-A9D1-48E9-B114-384BBB0F2EDB}.Release|x86.ActiveCfg = Release|Any CPU
		{FFD84843-A9D1-48E9-B114-384BBB0F2EDB}.Release|x86.Build.0 = Release|Any CPU
		{FFD84843-A9D1-48E9-B114-384BBB0F2EDB}.Release|x86.Deploy.0 = Release|Any CPU
		{2454E02B-CC1F-4099-88FB-007405407B87}.Debug|Any CPU.ActiveCfg = Debug|Any CPU
		{2454E02B-CC1F-4099-88FB-007405407B87}.Debug|Any CPU.Build.0 = Debug|Any CPU
		{2454E02B-CC1F-4099-88FB-007405407B87}.Debug|ARM.ActiveCfg = Debug|Any CPU
		{2454E02B-CC1F-4099-88FB-007405407B87}.Debug|ARM.Build.0 = Debug|Any CPU
		{2454E02B-CC1F-4099-88FB-007405407B87}.Debug|iPhone.ActiveCfg = Debug|Any CPU
		{2454E02B-CC1F-4099-88FB-007405407B87}.Debug|iPhone.Build.0 = Debug|Any CPU
		{2454E02B-CC1F-4099-88FB-007405407B87}.Debug|iPhoneSimulator.ActiveCfg = Debug|Any CPU
		{2454E02B-CC1F-4099-88FB-007405407B87}.Debug|iPhoneSimulator.Build.0 = Debug|Any CPU
		{2454E02B-CC1F-4099-88FB-007405407B87}.Debug|x64.ActiveCfg = Debug|Any CPU
		{2454E02B-CC1F-4099-88FB-007405407B87}.Debug|x64.Build.0 = Debug|Any CPU
		{2454E02B-CC1F-4099-88FB-007405407B87}.Debug|x86.ActiveCfg = Debug|Any CPU
		{2454E02B-CC1F-4099-88FB-007405407B87}.Debug|x86.Build.0 = Debug|Any CPU
		{2454E02B-CC1F-4099-88FB-007405407B87}.Release|Any CPU.ActiveCfg = Release|Any CPU
		{2454E02B-CC1F-4099-88FB-007405407B87}.Release|Any CPU.Build.0 = Release|Any CPU
		{2454E02B-CC1F-4099-88FB-007405407B87}.Release|ARM.ActiveCfg = Release|Any CPU
		{2454E02B-CC1F-4099-88FB-007405407B87}.Release|ARM.Build.0 = Release|Any CPU
		{2454E02B-CC1F-4099-88FB-007405407B87}.Release|iPhone.ActiveCfg = Release|Any CPU
		{2454E02B-CC1F-4099-88FB-007405407B87}.Release|iPhone.Build.0 = Release|Any CPU
		{2454E02B-CC1F-4099-88FB-007405407B87}.Release|iPhoneSimulator.ActiveCfg = Release|Any CPU
		{2454E02B-CC1F-4099-88FB-007405407B87}.Release|iPhoneSimulator.Build.0 = Release|Any CPU
		{2454E02B-CC1F-4099-88FB-007405407B87}.Release|x64.ActiveCfg = Release|Any CPU
		{2454E02B-CC1F-4099-88FB-007405407B87}.Release|x64.Build.0 = Release|Any CPU
		{2454E02B-CC1F-4099-88FB-007405407B87}.Release|x86.ActiveCfg = Release|Any CPU
		{2454E02B-CC1F-4099-88FB-007405407B87}.Release|x86.Build.0 = Release|Any CPU
	EndGlobalSection
	GlobalSection(SolutionProperties) = preSolution
		HideSolutionNode = FALSE
	EndGlobalSection
	GlobalSection(ExtensibilityGlobals) = postSolution
		SolutionGuid = {7605B2CA-9DFF-46A0-82B5-F518074FB257}
	EndGlobalSection
EndGlobal
